
Microsoft Visual Studio Solution File, Format Version 12.00
# Visual Studio Version 16
VisualStudioVersion = 25.0.1706.4
MinimumVisualStudioVersion = 10.0.40219.1
Project("{FAE04EC0-301F-11D3-BF4B-00C04F79EFBC}") = "module7HomeWork", "module7HomeWork\module7HomeWork.csproj", "{8B710E00-A727-41A8-8655-28241B013FAF}"
EndProject
Global
	GlobalSection(SolutionConfigurationPlatforms) = preSolution
		Debug|Any CPU = Debug|Any CPU
		Release|Any CPU = Release|Any CPU
	EndGlobalSection
	GlobalSection(ProjectConfigurationPlatforms) = postSolution
		{8B710E00-A727-41A8-8655-28241B013FAF}.Debug|Any CPU.ActiveCfg = Debug|Any CPU
		{8B710E00-A727-41A8-8655-28241B013FAF}.Debug|Any CPU.Build.0 = Debug|Any CPU
		{8B710E00-A727-41A8-8655-28241B013FAF}.Release|Any CPU.ActiveCfg = Release|Any CPU
		{8B710E00-A727-41A8-8655-28241B013FAF}.Release|Any CPU.Build.0 = Release|Any CPU
	EndGlobalSection
	GlobalSection(SolutionProperties) = preSolution
		HideSolutionNode = FALSE
	EndGlobalSection
	GlobalSection(ExtensibilityGlobals) = postSolution
		SolutionGuid = {B92D2FC6-CBC7-4744-8F25-210E26A6B1A4}
	EndGlobalSection
EndGlobal
