
Microsoft Visual Studio Solution File, Format Version 12.00
# Visual Studio Version 16
VisualStudioVersion = 25.0.1706.4
MinimumVisualStudioVersion = 10.0.40219.1
Project("{FAE04EC0-301F-11D3-BF4B-00C04F79EFBC}") = "Module4PracticeCS3", "Module4PracticeCS3\Module4PracticeCS3.csproj", "{FD87E706-0209-4E3F-9B24-410F7CA224E5}"
EndProject
Global
	GlobalSection(SolutionConfigurationPlatforms) = preSolution
		Debug|Any CPU = Debug|Any CPU
		Release|Any CPU = Release|Any CPU
	EndGlobalSection
	GlobalSection(ProjectConfigurationPlatforms) = postSolution
		{FD87E706-0209-4E3F-9B24-410F7CA224E5}.Debug|Any CPU.ActiveCfg = Debug|Any CPU
		{FD87E706-0209-4E3F-9B24-410F7CA224E5}.Debug|Any CPU.Build.0 = Debug|Any CPU
		{FD87E706-0209-4E3F-9B24-410F7CA224E5}.Release|Any CPU.ActiveCfg = Release|Any CPU
		{FD87E706-0209-4E3F-9B24-410F7CA224E5}.Release|Any CPU.Build.0 = Release|Any CPU
	EndGlobalSection
	GlobalSection(SolutionProperties) = preSolution
		HideSolutionNode = FALSE
	EndGlobalSection
	GlobalSection(ExtensibilityGlobals) = postSolution
		SolutionGuid = {BF04AF74-6C84-4469-9520-1F6C246EA896}
	EndGlobalSection
EndGlobal
