
Microsoft Visual Studio Solution File, Format Version 12.00
# Visual Studio Version 17
VisualStudioVersion = 17.7.34202.233
MinimumVisualStudioVersion = 10.0.40219.1
Project("{FAE04EC0-301F-11D3-BF4B-00C04F79EFBC}") = "QupyaSoz", "QupyaSoz\QupyaSoz.csproj", "{1615FEC5-DE05-47ED-9441-4780F16AD027}"
EndProject
Global
	GlobalSection(SolutionConfigurationPlatforms) = preSolution
		Debug|Any CPU = Debug|Any CPU
		Release|Any CPU = Release|Any CPU
	EndGlobalSection
	GlobalSection(ProjectConfigurationPlatforms) = postSolution
		{1615FEC5-DE05-47ED-9441-4780F16AD027}.Debug|Any CPU.ActiveCfg = Debug|Any CPU
		{1615FEC5-DE05-47ED-9441-4780F16AD027}.Debug|Any CPU.Build.0 = Debug|Any CPU
		{1615FEC5-DE05-47ED-9441-4780F16AD027}.Release|Any CPU.ActiveCfg = Release|Any CPU
		{1615FEC5-DE05-47ED-9441-4780F16AD027}.Release|Any CPU.Build.0 = Release|Any CPU
	EndGlobalSection
	GlobalSection(SolutionProperties) = preSolution
		HideSolutionNode = FALSE
	EndGlobalSection
	GlobalSection(ExtensibilityGlobals) = postSolution
		SolutionGuid = {7876952F-83E2-429C-B1B1-689D7E292754}
	EndGlobalSection
EndGlobal
