
Microsoft Visual Studio Solution File, Format Version 12.00
# Visual Studio Version 16
VisualStudioVersion = 25.0.1706.4
MinimumVisualStudioVersion = 10.0.40219.1
Project("{FAE04EC0-301F-11D3-BF4B-00C04F79EFBC}") = "HomeWork14Module", "HomeWork14Module\HomeWork14Module.csproj", "{51D4EC18-2BCE-46E6-9016-9815049A90E4}"
EndProject
Global
	GlobalSection(SolutionConfigurationPlatforms) = preSolution
		Debug|Any CPU = Debug|Any CPU
		Release|Any CPU = Release|Any CPU
	EndGlobalSection
	GlobalSection(ProjectConfigurationPlatforms) = postSolution
		{51D4EC18-2BCE-46E6-9016-9815049A90E4}.Debug|Any CPU.ActiveCfg = Debug|Any CPU
		{51D4EC18-2BCE-46E6-9016-9815049A90E4}.Debug|Any CPU.Build.0 = Debug|Any CPU
		{51D4EC18-2BCE-46E6-9016-9815049A90E4}.Release|Any CPU.ActiveCfg = Release|Any CPU
		{51D4EC18-2BCE-46E6-9016-9815049A90E4}.Release|Any CPU.Build.0 = Release|Any CPU
	EndGlobalSection
	GlobalSection(SolutionProperties) = preSolution
		HideSolutionNode = FALSE
	EndGlobalSection
	GlobalSection(ExtensibilityGlobals) = postSolution
		SolutionGuid = {5E18BA02-A93E-46E7-A106-F31C86DD332F}
	EndGlobalSection
EndGlobal
