
Microsoft Visual Studio Solution File, Format Version 12.00
# Visual Studio Version 17
VisualStudioVersion = 17.7.34202.233
MinimumVisualStudioVersion = 10.0.40219.1
Project("{FAE04EC0-301F-11D3-BF4B-00C04F79EFBC}") = "Module8PracticeWork1", "Module8PracticeWork1\Module8PracticeWork1.csproj", "{2E5AC3A6-46E7-4F43-94BD-960616F69804}"
EndProject
Global
	GlobalSection(SolutionConfigurationPlatforms) = preSolution
		Debug|Any CPU = Debug|Any CPU
		Release|Any CPU = Release|Any CPU
	EndGlobalSection
	GlobalSection(ProjectConfigurationPlatforms) = postSolution
		{2E5AC3A6-46E7-4F43-94BD-960616F69804}.Debug|Any CPU.ActiveCfg = Debug|Any CPU
		{2E5AC3A6-46E7-4F43-94BD-960616F69804}.Debug|Any CPU.Build.0 = Debug|Any CPU
		{2E5AC3A6-46E7-4F43-94BD-960616F69804}.Release|Any CPU.ActiveCfg = Release|Any CPU
		{2E5AC3A6-46E7-4F43-94BD-960616F69804}.Release|Any CPU.Build.0 = Release|Any CPU
	EndGlobalSection
	GlobalSection(SolutionProperties) = preSolution
		HideSolutionNode = FALSE
	EndGlobalSection
	GlobalSection(ExtensibilityGlobals) = postSolution
		SolutionGuid = {2037EE8F-1B0C-4A4B-A513-A3F920C2299A}
	EndGlobalSection
EndGlobal
