
Microsoft Visual Studio Solution File, Format Version 12.00
# Visual Studio Version 16
VisualStudioVersion = 25.0.1706.4
MinimumVisualStudioVersion = 10.0.40219.1
Project("{FAE04EC0-301F-11D3-BF4B-00C04F79EFBC}") = "HomeWork12Task1", "HomeWork12Task1\HomeWork12Task1.csproj", "{56F9B608-6E04-4B2D-819B-BC5F5C44C495}"
EndProject
Global
	GlobalSection(SolutionConfigurationPlatforms) = preSolution
		Debug|Any CPU = Debug|Any CPU
		Release|Any CPU = Release|Any CPU
	EndGlobalSection
	GlobalSection(ProjectConfigurationPlatforms) = postSolution
		{56F9B608-6E04-4B2D-819B-BC5F5C44C495}.Debug|Any CPU.ActiveCfg = Debug|Any CPU
		{56F9B608-6E04-4B2D-819B-BC5F5C44C495}.Debug|Any CPU.Build.0 = Debug|Any CPU
		{56F9B608-6E04-4B2D-819B-BC5F5C44C495}.Release|Any CPU.ActiveCfg = Release|Any CPU
		{56F9B608-6E04-4B2D-819B-BC5F5C44C495}.Release|Any CPU.Build.0 = Release|Any CPU
	EndGlobalSection
	GlobalSection(SolutionProperties) = preSolution
		HideSolutionNode = FALSE
	EndGlobalSection
	GlobalSection(ExtensibilityGlobals) = postSolution
		SolutionGuid = {2612FAB7-DDC2-4066-933D-125A4685EF14}
	EndGlobalSection
EndGlobal
