
Microsoft Visual Studio Solution File, Format Version 12.00
# Visual Studio Version 16
VisualStudioVersion = 25.0.1706.4
MinimumVisualStudioVersion = 10.0.40219.1
Project("{FAE04EC0-301F-11D3-BF4B-00C04F79EFBC}") = "Module9PracticeWork", "Module9PracticeWork\Module9PracticeWork.csproj", "{75A2AAFF-87A9-4742-AEF5-CB5536CAB2A7}"
EndProject
Global
	GlobalSection(SolutionConfigurationPlatforms) = preSolution
		Debug|Any CPU = Debug|Any CPU
		Release|Any CPU = Release|Any CPU
	EndGlobalSection
	GlobalSection(ProjectConfigurationPlatforms) = postSolution
		{75A2AAFF-87A9-4742-AEF5-CB5536CAB2A7}.Debug|Any CPU.ActiveCfg = Debug|Any CPU
		{75A2AAFF-87A9-4742-AEF5-CB5536CAB2A7}.Debug|Any CPU.Build.0 = Debug|Any CPU
		{75A2AAFF-87A9-4742-AEF5-CB5536CAB2A7}.Release|Any CPU.ActiveCfg = Release|Any CPU
		{75A2AAFF-87A9-4742-AEF5-CB5536CAB2A7}.Release|Any CPU.Build.0 = Release|Any CPU
	EndGlobalSection
	GlobalSection(SolutionProperties) = preSolution
		HideSolutionNode = FALSE
	EndGlobalSection
	GlobalSection(ExtensibilityGlobals) = postSolution
		SolutionGuid = {D50F4E19-2A3A-47A3-A9DB-525FC64350D5}
	EndGlobalSection
EndGlobal
