
Microsoft Visual Studio Solution File, Format Version 12.00
# Visual Studio Version 16
VisualStudioVersion = 25.0.1706.4
MinimumVisualStudioVersion = 10.0.40219.1
Project("{FAE04EC0-301F-11D3-BF4B-00C04F79EFBC}") = "Module12PracticeWork", "Module12PracticeWork\Module12PracticeWork.csproj", "{7EA68BF1-E650-469E-9FDD-63C9541D4D0D}"
EndProject
Global
	GlobalSection(SolutionConfigurationPlatforms) = preSolution
		Debug|Any CPU = Debug|Any CPU
		Release|Any CPU = Release|Any CPU
	EndGlobalSection
	GlobalSection(ProjectConfigurationPlatforms) = postSolution
		{7EA68BF1-E650-469E-9FDD-63C9541D4D0D}.Debug|Any CPU.ActiveCfg = Debug|Any CPU
		{7EA68BF1-E650-469E-9FDD-63C9541D4D0D}.Debug|Any CPU.Build.0 = Debug|Any CPU
		{7EA68BF1-E650-469E-9FDD-63C9541D4D0D}.Release|Any CPU.ActiveCfg = Release|Any CPU
		{7EA68BF1-E650-469E-9FDD-63C9541D4D0D}.Release|Any CPU.Build.0 = Release|Any CPU
	EndGlobalSection
	GlobalSection(SolutionProperties) = preSolution
		HideSolutionNode = FALSE
	EndGlobalSection
	GlobalSection(ExtensibilityGlobals) = postSolution
		SolutionGuid = {C578E6A5-C712-4577-9F37-AF7F1497CCAA}
	EndGlobalSection
EndGlobal
