
Microsoft Visual Studio Solution File, Format Version 12.00
# Visual Studio Version 16
VisualStudioVersion = 25.0.1706.4
MinimumVisualStudioVersion = 10.0.40219.1
Project("{FAE04EC0-301F-11D3-BF4B-00C04F79EFBC}") = "Module10HomeWork1", "Module10HomeWork1.csproj", "{BBA964A6-FEAE-4C48-9100-5A67F7BCE0E4}"
EndProject
Global
	GlobalSection(SolutionConfigurationPlatforms) = preSolution
		Debug|Any CPU = Debug|Any CPU
		Release|Any CPU = Release|Any CPU
	EndGlobalSection
	GlobalSection(ProjectConfigurationPlatforms) = postSolution
		{BBA964A6-FEAE-4C48-9100-5A67F7BCE0E4}.Debug|Any CPU.ActiveCfg = Debug|Any CPU
		{BBA964A6-FEAE-4C48-9100-5A67F7BCE0E4}.Debug|Any CPU.Build.0 = Debug|Any CPU
		{BBA964A6-FEAE-4C48-9100-5A67F7BCE0E4}.Release|Any CPU.ActiveCfg = Release|Any CPU
		{BBA964A6-FEAE-4C48-9100-5A67F7BCE0E4}.Release|Any CPU.Build.0 = Release|Any CPU
	EndGlobalSection
	GlobalSection(SolutionProperties) = preSolution
		HideSolutionNode = FALSE
	EndGlobalSection
	GlobalSection(ExtensibilityGlobals) = postSolution
		SolutionGuid = {96ACBF37-8E0C-48D4-ADF7-AD9E3BF1A895}
	EndGlobalSection
EndGlobal
